
Microsoft Visual Studio Solution File, Format Version 12.00
# Visual Studio Version 17
VisualStudioVersion = 17.7.34009.444
MinimumVisualStudioVersion = 10.0.40219.1
Project("{FAE04EC0-301F-11D3-BF4B-00C04F79EFBC}") = "StudentManagementSystem", "StudentManagementSystem\StudentManagementSystem.csproj", "{6A53FE18-5B57-406A-8AE7-AAB60C949151}"
EndProject
Global
	GlobalSection(SolutionConfigurationPlatforms) = preSolution
		Debug|Any CPU = Debug|Any CPU
		Release|Any CPU = Release|Any CPU
	EndGlobalSection
	GlobalSection(ProjectConfigurationPlatforms) = postSolution
		{6A53FE18-5B57-406A-8AE7-AAB60C949151}.Debug|Any CPU.ActiveCfg = Debug|Any CPU
		{6A53FE18-5B57-406A-8AE7-AAB60C949151}.Debug|Any CPU.Build.0 = Debug|Any CPU
		{6A53FE18-5B57-406A-8AE7-AAB60C949151}.Release|Any CPU.ActiveCfg = Release|Any CPU
		{6A53FE18-5B57-406A-8AE7-AAB60C949151}.Release|Any CPU.Build.0 = Release|Any CPU
	EndGlobalSection
	GlobalSection(SolutionProperties) = preSolution
		HideSolutionNode = FALSE
	EndGlobalSection
	GlobalSection(ExtensibilityGlobals) = postSolution
		SolutionGuid = {A446AB00-6B03-4371-BA90-79034E68C325}
	EndGlobalSection
EndGlobal
